
Microsoft Visual Studio Solution File, Format Version 12.00
# Visual Studio 15
VisualStudioVersion = 15.0.28307.852
MinimumVisualStudioVersion = 10.0.40219.1
Project("{FAE04EC0-301F-11D3-BF4B-00C04F79EFBC}") = "XamarinFontIcons.Android", "XamarinFontIcons\XamarinFontIcons.Android\XamarinFontIcons.Android.csproj", "{46F3B05C-AFB8-4818-97ED-26EDDFC01096}"
EndProject
Project("{FAE04EC0-301F-11D3-BF4B-00C04F79EFBC}") = "XamarinFontIcons.iOS", "XamarinFontIcons\XamarinFontIcons.iOS\XamarinFontIcons.iOS.csproj", "{FE74ABC5-1FDC-4604-90DE-E7D4079B75E0}"
EndProject
Project("{FAE04EC0-301F-11D3-BF4B-00C04F79EFBC}") = "XamarinFontIcons.UWP", "XamarinFontIcons\XamarinFontIcons.UWP\XamarinFontIcons.UWP.csproj", "{2A14FDBA-5A51-45C4-A4E9-2AF3D86D0CB3}"
EndProject
Project("{FAE04EC0-301F-11D3-BF4B-00C04F79EFBC}") = "XamarinFontIcons", "XamarinFontIcons\XamarinFontIcons\XamarinFontIcons.csproj", "{31966EFC-AD72-49F2-AB05-EED5CE5B7802}"
EndProject
Global
	GlobalSection(SolutionConfigurationPlatforms) = preSolution
		Ad-Hoc|Any CPU = Ad-Hoc|Any CPU
		Ad-Hoc|ARM = Ad-Hoc|ARM
		Ad-Hoc|iPhone = Ad-Hoc|iPhone
		Ad-Hoc|iPhoneSimulator = Ad-Hoc|iPhoneSimulator
		Ad-Hoc|x64 = Ad-Hoc|x64
		Ad-Hoc|x86 = Ad-Hoc|x86
		AppStore|Any CPU = AppStore|Any CPU
		AppStore|ARM = AppStore|ARM
		AppStore|iPhone = AppStore|iPhone
		AppStore|iPhoneSimulator = AppStore|iPhoneSimulator
		AppStore|x64 = AppStore|x64
		AppStore|x86 = AppStore|x86
		Debug|Any CPU = Debug|Any CPU
		Debug|ARM = Debug|ARM
		Debug|iPhone = Debug|iPhone
		Debug|iPhoneSimulator = Debug|iPhoneSimulator
		Debug|x64 = Debug|x64
		Debug|x86 = Debug|x86
		Release|Any CPU = Release|Any CPU
		Release|ARM = Release|ARM
		Release|iPhone = Release|iPhone
		Release|iPhoneSimulator = Release|iPhoneSimulator
		Release|x64 = Release|x64
		Release|x86 = Release|x86
	EndGlobalSection
	GlobalSection(ProjectConfigurationPlatforms) = postSolution
		{46F3B05C-AFB8-4818-97ED-26EDDFC01096}.Ad-Hoc|Any CPU.ActiveCfg = Release|Any CPU
		{46F3B05C-AFB8-4818-97ED-26EDDFC01096}.Ad-Hoc|Any CPU.Build.0 = Release|Any CPU
		{46F3B05C-AFB8-4818-97ED-26EDDFC01096}.Ad-Hoc|Any CPU.Deploy.0 = Release|Any CPU
		{46F3B05C-AFB8-4818-97ED-26EDDFC01096}.Ad-Hoc|ARM.ActiveCfg = Release|Any CPU
		{46F3B05C-AFB8-4818-97ED-26EDDFC01096}.Ad-Hoc|ARM.Build.0 = Release|Any CPU
		{46F3B05C-AFB8-4818-97ED-26EDDFC01096}.Ad-Hoc|ARM.Deploy.0 = Release|Any CPU
		{46F3B05C-AFB8-4818-97ED-26EDDFC01096}.Ad-Hoc|iPhone.ActiveCfg = Release|Any CPU
		{46F3B05C-AFB8-4818-97ED-26EDDFC01096}.Ad-Hoc|iPhone.Build.0 = Release|Any CPU
		{46F3B05C-AFB8-4818-97ED-26EDDFC01096}.Ad-Hoc|iPhone.Deploy.0 = Release|Any CPU
		{46F3B05C-AFB8-4818-97ED-26EDDFC01096}.Ad-Hoc|iPhoneSimulator.ActiveCfg = Release|Any CPU
		{46F3B05C-AFB8-4818-97ED-26EDDFC01096}.Ad-Hoc|iPhoneSimulator.Build.0 = Release|Any CPU
		{46F3B05C-AFB8-4818-97ED-26EDDFC01096}.Ad-Hoc|iPhoneSimulator.Deploy.0 = Release|Any CPU
		{46F3B05C-AFB8-4818-97ED-26EDDFC01096}.Ad-Hoc|x64.ActiveCfg = Release|Any CPU
		{46F3B05C-AFB8-4818-97ED-26EDDFC01096}.Ad-Hoc|x64.Build.0 = Release|Any CPU
		{46F3B05C-AFB8-4818-97ED-26EDDFC01096}.Ad-Hoc|x64.Deploy.0 = Release|Any CPU
		{46F3B05C-AFB8-4818-97ED-26EDDFC01096}.Ad-Hoc|x86.ActiveCfg = Release|Any CPU
		{46F3B05C-AFB8-4818-97ED-26EDDFC01096}.Ad-Hoc|x86.Build.0 = Release|Any CPU
		{46F3B05C-AFB8-4818-97ED-26EDDFC01096}.Ad-Hoc|x86.Deploy.0 = Release|Any CPU
		{46F3B05C-AFB8-4818-97ED-26EDDFC01096}.AppStore|Any CPU.ActiveCfg = Release|Any CPU
		{46F3B05C-AFB8-4818-97ED-26EDDFC01096}.AppStore|Any CPU.Build.0 = Release|Any CPU
		{46F3B05C-AFB8-4818-97ED-26EDDFC01096}.AppStore|Any CPU.Deploy.0 = Release|Any CPU
		{46F3B05C-AFB8-4818-97ED-26EDDFC01096}.AppStore|ARM.ActiveCfg = Release|Any CPU
		{46F3B05C-AFB8-4818-97ED-26EDDFC01096}.AppStore|ARM.Build.0 = Release|Any CPU
		{46F3B05C-AFB8-4818-97ED-26EDDFC01096}.AppStore|ARM.Deploy.0 = Release|Any CPU
		{46F3B05C-AFB8-4818-97ED-26EDDFC01096}.AppStore|iPhone.ActiveCfg = Release|Any CPU
		{46F3B05C-AFB8-4818-97ED-26EDDFC01096}.AppStore|iPhone.Build.0 = Release|Any CPU
		{46F3B05C-AFB8-4818-97ED-26EDDFC01096}.AppStore|iPhone.Deploy.0 = Release|Any CPU
		{46F3B05C-AFB8-4818-97ED-26EDDFC01096}.AppStore|iPhoneSimulator.ActiveCfg = Release|Any CPU
		{46F3B05C-AFB8-4818-97ED-26EDDFC01096}.AppStore|iPhoneSimulator.Build.0 = Release|Any CPU
		{46F3B05C-AFB8-4818-97ED-26EDDFC01096}.AppStore|iPhoneSimulator.Deploy.0 = Release|Any CPU
		{46F3B05C-AFB8-4818-97ED-26EDDFC01096}.AppStore|x64.ActiveCfg = Release|Any CPU
		{46F3B05C-AFB8-4818-97ED-26EDDFC01096}.AppStore|x64.Build.0 = Release|Any CPU
		{46F3B05C-AFB8-4818-97ED-26EDDFC01096}.AppStore|x64.Deploy.0 = Release|Any CPU
		{46F3B05C-AFB8-4818-97ED-26EDDFC01096}.AppStore|x86.ActiveCfg = Release|Any CPU
		{46F3B05C-AFB8-4818-97ED-26EDDFC01096}.AppStore|x86.Build.0 = Release|Any CPU
		{46F3B05C-AFB8-4818-97ED-26EDDFC01096}.AppStore|x86.Deploy.0 = Release|Any CPU
		{46F3B05C-AFB8-4818-97ED-26EDDFC01096}.Debug|Any CPU.ActiveCfg = Debug|Any CPU
		{46F3B05C-AFB8-4818-97ED-26EDDFC01096}.Debug|Any CPU.Build.0 = Debug|Any CPU
		{46F3B05C-AFB8-4818-97ED-26EDDFC01096}.Debug|Any CPU.Deploy.0 = Debug|Any CPU
		{46F3B05C-AFB8-4818-97ED-26EDDFC01096}.Debug|ARM.ActiveCfg = Debug|Any CPU
		{46F3B05C-AFB8-4818-97ED-26EDDFC01096}.Debug|ARM.Build.0 = Debug|Any CPU
		{46F3B05C-AFB8-4818-97ED-26EDDFC01096}.Debug|ARM.Deploy.0 = Debug|Any CPU
		{46F3B05C-AFB8-4818-97ED-26EDDFC01096}.Debug|iPhone.ActiveCfg = Debug|Any CPU
		{46F3B05C-AFB8-4818-97ED-26EDDFC01096}.Debug|iPhone.Build.0 = Debug|Any CPU
		{46F3B05C-AFB8-4818-97ED-26EDDFC01096}.Debug|iPhone.Deploy.0 = Debug|Any CPU
		{46F3B05C-AFB8-4818-97ED-26EDDFC01096}.Debug|iPhoneSimulator.ActiveCfg = Debug|Any CPU
		{46F3B05C-AFB8-4818-97ED-26EDDFC01096}.Debug|iPhoneSimulator.Build.0 = Debug|Any CPU
		{46F3B05C-AFB8-4818-97ED-26EDDFC01096}.Debug|iPhoneSimulator.Deploy.0 = Debug|Any CPU
		{46F3B05C-AFB8-4818-97ED-26EDDFC01096}.Debug|x64.ActiveCfg = Debug|Any CPU
		{46F3B05C-AFB8-4818-97ED-26EDDFC01096}.Debug|x64.Build.0 = Debug|Any CPU
		{46F3B05C-AFB8-4818-97ED-26EDDFC01096}.Debug|x64.Deploy.0 = Debug|Any CPU
		{46F3B05C-AFB8-4818-97ED-26EDDFC01096}.Debug|x86.ActiveCfg = Debug|Any CPU
		{46F3B05C-AFB8-4818-97ED-26EDDFC01096}.Debug|x86.Build.0 = Debug|Any CPU
		{46F3B05C-AFB8-4818-97ED-26EDDFC01096}.Debug|x86.Deploy.0 = Debug|Any CPU
		{46F3B05C-AFB8-4818-97ED-26EDDFC01096}.Release|Any CPU.ActiveCfg = Release|Any CPU
		{46F3B05C-AFB8-4818-97ED-26EDDFC01096}.Release|Any CPU.Build.0 = Release|Any CPU
		{46F3B05C-AFB8-4818-97ED-26EDDFC01096}.Release|Any CPU.Deploy.0 = Release|Any CPU
		{46F3B05C-AFB8-4818-97ED-26EDDFC01096}.Release|ARM.ActiveCfg = Release|Any CPU
		{46F3B05C-AFB8-4818-97ED-26EDDFC01096}.Release|ARM.Build.0 = Release|Any CPU
		{46F3B05C-AFB8-4818-97ED-26EDDFC01096}.Release|ARM.Deploy.0 = Release|Any CPU
		{46F3B05C-AFB8-4818-97ED-26EDDFC01096}.Release|iPhone.ActiveCfg = Release|Any CPU
		{46F3B05C-AFB8-4818-97ED-26EDDFC01096}.Release|iPhone.Build.0 = Release|Any CPU
		{46F3B05C-AFB8-4818-97ED-26EDDFC01096}.Release|iPhone.Deploy.0 = Release|Any CPU
		{46F3B05C-AFB8-4818-97ED-26EDDFC01096}.Release|iPhoneSimulator.ActiveCfg = Release|Any CPU
		{46F3B05C-AFB8-4818-97ED-26EDDFC01096}.Release|iPhoneSimulator.Build.0 = Release|Any CPU
		{46F3B05C-AFB8-4818-97ED-26EDDFC01096}.Release|iPhoneSimulator.Deploy.0 = Release|Any CPU
		{46F3B05C-AFB8-4818-97ED-26EDDFC01096}.Release|x64.ActiveCfg = Release|Any CPU
		{46F3B05C-AFB8-4818-97ED-26EDDFC01096}.Release|x64.Build.0 = Release|Any CPU
		{46F3B05C-AFB8-4818-97ED-26EDDFC01096}.Release|x64.Deploy.0 = Release|Any CPU
		{46F3B05C-AFB8-4818-97ED-26EDDFC01096}.Release|x86.ActiveCfg = Release|Any CPU
		{46F3B05C-AFB8-4818-97ED-26EDDFC01096}.Release|x86.Build.0 = Release|Any CPU
		{46F3B05C-AFB8-4818-97ED-26EDDFC01096}.Release|x86.Deploy.0 = Release|Any CPU
		{FE74ABC5-1FDC-4604-90DE-E7D4079B75E0}.Ad-Hoc|Any CPU.ActiveCfg = Ad-Hoc|iPhone
		{FE74ABC5-1FDC-4604-90DE-E7D4079B75E0}.Ad-Hoc|Any CPU.Build.0 = Ad-Hoc|iPhone
		{FE74ABC5-1FDC-4604-90DE-E7D4079B75E0}.Ad-Hoc|Any CPU.Deploy.0 = Ad-Hoc|iPhone
		{FE74ABC5-1FDC-4604-90DE-E7D4079B75E0}.Ad-Hoc|ARM.ActiveCfg = Ad-Hoc|iPhone
		{FE74ABC5-1FDC-4604-90DE-E7D4079B75E0}.Ad-Hoc|ARM.Build.0 = Ad-Hoc|iPhone
		{FE74ABC5-1FDC-4604-90DE-E7D4079B75E0}.Ad-Hoc|ARM.Deploy.0 = Ad-Hoc|iPhone
		{FE74ABC5-1FDC-4604-90DE-E7D4079B75E0}.Ad-Hoc|iPhone.ActiveCfg = Ad-Hoc|iPhone
		{FE74ABC5-1FDC-4604-90DE-E7D4079B75E0}.Ad-Hoc|iPhone.Build.0 = Ad-Hoc|iPhone
		{FE74ABC5-1FDC-4604-90DE-E7D4079B75E0}.Ad-Hoc|iPhone.Deploy.0 = Ad-Hoc|iPhone
		{FE74ABC5-1FDC-4604-90DE-E7D4079B75E0}.Ad-Hoc|iPhoneSimulator.ActiveCfg = Ad-Hoc|iPhoneSimulator
		{FE74ABC5-1FDC-4604-90DE-E7D4079B75E0}.Ad-Hoc|iPhoneSimulator.Build.0 = Ad-Hoc|iPhoneSimulator
		{FE74ABC5-1FDC-4604-90DE-E7D4079B75E0}.Ad-Hoc|iPhoneSimulator.Deploy.0 = Ad-Hoc|iPhoneSimulator
		{FE74ABC5-1FDC-4604-90DE-E7D4079B75E0}.Ad-Hoc|x64.ActiveCfg = Ad-Hoc|iPhone
		{FE74ABC5-1FDC-4604-90DE-E7D4079B75E0}.Ad-Hoc|x64.Build.0 = Ad-Hoc|iPhone
		{FE74ABC5-1FDC-4604-90DE-E7D4079B75E0}.Ad-Hoc|x64.Deploy.0 = Ad-Hoc|iPhone
		{FE74ABC5-1FDC-4604-90DE-E7D4079B75E0}.Ad-Hoc|x86.ActiveCfg = Ad-Hoc|iPhone
		{FE74ABC5-1FDC-4604-90DE-E7D4079B75E0}.Ad-Hoc|x86.Build.0 = Ad-Hoc|iPhone
		{FE74ABC5-1FDC-4604-90DE-E7D4079B75E0}.Ad-Hoc|x86.Deploy.0 = Ad-Hoc|iPhone
		{FE74ABC5-1FDC-4604-90DE-E7D4079B75E0}.AppStore|Any CPU.ActiveCfg = AppStore|iPhone
		{FE74ABC5-1FDC-4604-90DE-E7D4079B75E0}.AppStore|Any CPU.Build.0 = AppStore|iPhone
		{FE74ABC5-1FDC-4604-90DE-E7D4079B75E0}.AppStore|Any CPU.Deploy.0 = AppStore|iPhone
		{FE74ABC5-1FDC-4604-90DE-E7D4079B75E0}.AppStore|ARM.ActiveCfg = AppStore|iPhone
		{FE74ABC5-1FDC-4604-90DE-E7D4079B75E0}.AppStore|ARM.Build.0 = AppStore|iPhone
		{FE74ABC5-1FDC-4604-90DE-E7D4079B75E0}.AppStore|ARM.Deploy.0 = AppStore|iPhone
		{FE74ABC5-1FDC-4604-90DE-E7D4079B75E0}.AppStore|iPhone.ActiveCfg = AppStore|iPhone
		{FE74ABC5-1FDC-4604-90DE-E7D4079B75E0}.AppStore|iPhone.Build.0 = AppStore|iPhone
		{FE74ABC5-1FDC-4604-90DE-E7D4079B75E0}.AppStore|iPhone.Deploy.0 = AppStore|iPhone
		{FE74ABC5-1FDC-4604-90DE-E7D4079B75E0}.AppStore|iPhoneSimulator.ActiveCfg = AppStore|iPhoneSimulator
		{FE74ABC5-1FDC-4604-90DE-E7D4079B75E0}.AppStore|iPhoneSimulator.Build.0 = AppStore|iPhoneSimulator
		{FE74ABC5-1FDC-4604-90DE-E7D4079B75E0}.AppStore|iPhoneSimulator.Deploy.0 = AppStore|iPhoneSimulator
		{FE74ABC5-1FDC-4604-90DE-E7D4079B75E0}.AppStore|x64.ActiveCfg = AppStore|iPhone
		{FE74ABC5-1FDC-4604-90DE-E7D4079B75E0}.AppStore|x64.Build.0 = AppStore|iPhone
		{FE74ABC5-1FDC-4604-90DE-E7D4079B75E0}.AppStore|x64.Deploy.0 = AppStore|iPhone
		{FE74ABC5-1FDC-4604-90DE-E7D4079B75E0}.AppStore|x86.ActiveCfg = AppStore|iPhone
		{FE74ABC5-1FDC-4604-90DE-E7D4079B75E0}.AppStore|x86.Build.0 = AppStore|iPhone
		{FE74ABC5-1FDC-4604-90DE-E7D4079B75E0}.AppStore|x86.Deploy.0 = AppStore|iPhone
		{FE74ABC5-1FDC-4604-90DE-E7D4079B75E0}.Debug|Any CPU.ActiveCfg = Debug|iPhoneSimulator
		{FE74ABC5-1FDC-4604-90DE-E7D4079B75E0}.Debug|Any CPU.Build.0 = Debug|iPhoneSimulator
		{FE74ABC5-1FDC-4604-90DE-E7D4079B75E0}.Debug|Any CPU.Deploy.0 = Debug|iPhoneSimulator
		{FE74ABC5-1FDC-4604-90DE-E7D4079B75E0}.Debug|ARM.ActiveCfg = Debug|iPhone
		{FE74ABC5-1FDC-4604-90DE-E7D4079B75E0}.Debug|ARM.Build.0 = Debug|iPhone
		{FE74ABC5-1FDC-4604-90DE-E7D4079B75E0}.Debug|ARM.Deploy.0 = Debug|iPhone
		{FE74ABC5-1FDC-4604-90DE-E7D4079B75E0}.Debug|iPhone.ActiveCfg = Debug|iPhone
		{FE74ABC5-1FDC-4604-90DE-E7D4079B75E0}.Debug|iPhone.Build.0 = Debug|iPhone
		{FE74ABC5-1FDC-4604-90DE-E7D4079B75E0}.Debug|iPhone.Deploy.0 = Debug|iPhone
		{FE74ABC5-1FDC-4604-90DE-E7D4079B75E0}.Debug|iPhoneSimulator.ActiveCfg = Debug|iPhoneSimulator
		{FE74ABC5-1FDC-4604-90DE-E7D4079B75E0}.Debug|iPhoneSimulator.Build.0 = Debug|iPhoneSimulator
		{FE74ABC5-1FDC-4604-90DE-E7D4079B75E0}.Debug|iPhoneSimulator.Deploy.0 = Debug|iPhoneSimulator
		{FE74ABC5-1FDC-4604-90DE-E7D4079B75E0}.Debug|x64.ActiveCfg = Debug|iPhone
		{FE74ABC5-1FDC-4604-90DE-E7D4079B75E0}.Debug|x64.Build.0 = Debug|iPhone
		{FE74ABC5-1FDC-4604-90DE-E7D4079B75E0}.Debug|x64.Deploy.0 = Debug|iPhone
		{FE74ABC5-1FDC-4604-90DE-E7D4079B75E0}.Debug|x86.ActiveCfg = Debug|iPhone
		{FE74ABC5-1FDC-4604-90DE-E7D4079B75E0}.Debug|x86.Build.0 = Debug|iPhone
		{FE74ABC5-1FDC-4604-90DE-E7D4079B75E0}.Debug|x86.Deploy.0 = Debug|iPhone
		{FE74ABC5-1FDC-4604-90DE-E7D4079B75E0}.Release|Any CPU.ActiveCfg = Release|iPhone
		{FE74ABC5-1FDC-4604-90DE-E7D4079B75E0}.Release|Any CPU.Build.0 = Release|iPhone
		{FE74ABC5-1FDC-4604-90DE-E7D4079B75E0}.Release|Any CPU.Deploy.0 = Release|iPhone
		{FE74ABC5-1FDC-4604-90DE-E7D4079B75E0}.Release|ARM.ActiveCfg = Release|iPhone
		{FE74ABC5-1FDC-4604-90DE-E7D4079B75E0}.Release|ARM.Build.0 = Release|iPhone
		{FE74ABC5-1FDC-4604-90DE-E7D4079B75E0}.Release|ARM.Deploy.0 = Release|iPhone
		{FE74ABC5-1FDC-4604-90DE-E7D4079B75E0}.Release|iPhone.ActiveCfg = Release|iPhone
		{FE74ABC5-1FDC-4604-90DE-E7D4079B75E0}.Release|iPhone.Build.0 = Release|iPhone
		{FE74ABC5-1FDC-4604-90DE-E7D4079B75E0}.Release|iPhone.Deploy.0 = Release|iPhone
		{FE74ABC5-1FDC-4604-90DE-E7D4079B75E0}.Release|iPhoneSimulator.ActiveCfg = Release|iPhoneSimulator
		{FE74ABC5-1FDC-4604-90DE-E7D4079B75E0}.Release|iPhoneSimulator.Build.0 = Release|iPhoneSimulator
		{FE74ABC5-1FDC-4604-90DE-E7D4079B75E0}.Release|iPhoneSimulator.Deploy.0 = Release|iPhoneSimulator
		{FE74ABC5-1FDC-4604-90DE-E7D4079B75E0}.Release|x64.ActiveCfg = Release|iPhone
		{FE74ABC5-1FDC-4604-90DE-E7D4079B75E0}.Release|x64.Build.0 = Release|iPhone
		{FE74ABC5-1FDC-4604-90DE-E7D4079B75E0}.Release|x64.Deploy.0 = Release|iPhone
		{FE74ABC5-1FDC-4604-90DE-E7D4079B75E0}.Release|x86.ActiveCfg = Release|iPhone
		{FE74ABC5-1FDC-4604-90DE-E7D4079B75E0}.Release|x86.Build.0 = Release|iPhone
		{FE74ABC5-1FDC-4604-90DE-E7D4079B75E0}.Release|x86.Deploy.0 = Release|iPhone
		{2A14FDBA-5A51-45C4-A4E9-2AF3D86D0CB3}.Ad-Hoc|Any CPU.ActiveCfg = Release|x86
		{2A14FDBA-5A51-45C4-A4E9-2AF3D86D0CB3}.Ad-Hoc|Any CPU.Build.0 = Release|x86
		{2A14FDBA-5A51-45C4-A4E9-2AF3D86D0CB3}.Ad-Hoc|Any CPU.Deploy.0 = Release|x86
		{2A14FDBA-5A51-45C4-A4E9-2AF3D86D0CB3}.Ad-Hoc|ARM.ActiveCfg = Release|ARM
		{2A14FDBA-5A51-45C4-A4E9-2AF3D86D0CB3}.Ad-Hoc|ARM.Build.0 = Release|ARM
		{2A14FDBA-5A51-45C4-A4E9-2AF3D86D0CB3}.Ad-Hoc|ARM.Deploy.0 = Release|ARM
		{2A14FDBA-5A51-45C4-A4E9-2AF3D86D0CB3}.Ad-Hoc|iPhone.ActiveCfg = Release|x86
		{2A14FDBA-5A51-45C4-A4E9-2AF3D86D0CB3}.Ad-Hoc|iPhone.Build.0 = Release|x86
		{2A14FDBA-5A51-45C4-A4E9-2AF3D86D0CB3}.Ad-Hoc|iPhone.Deploy.0 = Release|x86
		{2A14FDBA-5A51-45C4-A4E9-2AF3D86D0CB3}.Ad-Hoc|iPhoneSimulator.ActiveCfg = Release|x86
		{2A14FDBA-5A51-45C4-A4E9-2AF3D86D0CB3}.Ad-Hoc|iPhoneSimulator.Build.0 = Release|x86
		{2A14FDBA-5A51-45C4-A4E9-2AF3D86D0CB3}.Ad-Hoc|iPhoneSimulator.Deploy.0 = Release|x86
		{2A14FDBA-5A51-45C4-A4E9-2AF3D86D0CB3}.Ad-Hoc|x64.ActiveCfg = Release|x64
		{2A14FDBA-5A51-45C4-A4E9-2AF3D86D0CB3}.Ad-Hoc|x64.Build.0 = Release|x64
		{2A14FDBA-5A51-45C4-A4E9-2AF3D86D0CB3}.Ad-Hoc|x64.Deploy.0 = Release|x64
		{2A14FDBA-5A51-45C4-A4E9-2AF3D86D0CB3}.Ad-Hoc|x86.ActiveCfg = Release|x86
		{2A14FDBA-5A51-45C4-A4E9-2AF3D86D0CB3}.Ad-Hoc|x86.Build.0 = Release|x86
		{2A14FDBA-5A51-45C4-A4E9-2AF3D86D0CB3}.Ad-Hoc|x86.Deploy.0 = Release|x86
		{2A14FDBA-5A51-45C4-A4E9-2AF3D86D0CB3}.AppStore|Any CPU.ActiveCfg = Release|x86
		{2A14FDBA-5A51-45C4-A4E9-2AF3D86D0CB3}.AppStore|Any CPU.Build.0 = Release|x86
		{2A14FDBA-5A51-45C4-A4E9-2AF3D86D0CB3}.AppStore|Any CPU.Deploy.0 = Release|x86
		{2A14FDBA-5A51-45C4-A4E9-2AF3D86D0CB3}.AppStore|ARM.ActiveCfg = Release|ARM
		{2A14FDBA-5A51-45C4-A4E9-2AF3D86D0CB3}.AppStore|ARM.Build.0 = Release|ARM
		{2A14FDBA-5A51-45C4-A4E9-2AF3D86D0CB3}.AppStore|ARM.Deploy.0 = Release|ARM
		{2A14FDBA-5A51-45C4-A4E9-2AF3D86D0CB3}.AppStore|iPhone.ActiveCfg = Release|x86
		{2A14FDBA-5A51-45C4-A4E9-2AF3D86D0CB3}.AppStore|iPhone.Build.0 = Release|x86
		{2A14FDBA-5A51-45C4-A4E9-2AF3D86D0CB3}.AppStore|iPhone.Deploy.0 = Release|x86
		{2A14FDBA-5A51-45C4-A4E9-2AF3D86D0CB3}.AppStore|iPhoneSimulator.ActiveCfg = Release|x86
		{2A14FDBA-5A51-45C4-A4E9-2AF3D86D0CB3}.AppStore|iPhoneSimulator.Build.0 = Release|x86
		{2A14FDBA-5A51-45C4-A4E9-2AF3D86D0CB3}.AppStore|iPhoneSimulator.Deploy.0 = Release|x86
		{2A14FDBA-5A51-45C4-A4E9-2AF3D86D0CB3}.AppStore|x64.ActiveCfg = Release|x64
		{2A14FDBA-5A51-45C4-A4E9-2AF3D86D0CB3}.AppStore|x64.Build.0 = Release|x64
		{2A14FDBA-5A51-45C4-A4E9-2AF3D86D0CB3}.AppStore|x64.Deploy.0 = Release|x64
		{2A14FDBA-5A51-45C4-A4E9-2AF3D86D0CB3}.AppStore|x86.ActiveCfg = Release|x86
		{2A14FDBA-5A51-45C4-A4E9-2AF3D86D0CB3}.AppStore|x86.Build.0 = Release|x86
		{2A14FDBA-5A51-45C4-A4E9-2AF3D86D0CB3}.AppStore|x86.Deploy.0 = Release|x86
		{2A14FDBA-5A51-45C4-A4E9-2AF3D86D0CB3}.Debug|Any CPU.ActiveCfg = Debug|x86
		{2A14FDBA-5A51-45C4-A4E9-2AF3D86D0CB3}.Debug|Any CPU.Build.0 = Debug|x86
		{2A14FDBA-5A51-45C4-A4E9-2AF3D86D0CB3}.Debug|Any CPU.Deploy.0 = Debug|x86
		{2A14FDBA-5A51-45C4-A4E9-2AF3D86D0CB3}.Debug|ARM.ActiveCfg = Debug|ARM
		{2A14FDBA-5A51-45C4-A4E9-2AF3D86D0CB3}.Debug|ARM.Build.0 = Debug|ARM
		{2A14FDBA-5A51-45C4-A4E9-2AF3D86D0CB3}.Debug|ARM.Deploy.0 = Debug|ARM
		{2A14FDBA-5A51-45C4-A4E9-2AF3D86D0CB3}.Debug|iPhone.ActiveCfg = Debug|x86
		{2A14FDBA-5A51-45C4-A4E9-2AF3D86D0CB3}.Debug|iPhone.Build.0 = Debug|x86
		{2A14FDBA-5A51-45C4-A4E9-2AF3D86D0CB3}.Debug|iPhone.Deploy.0 = Debug|x86
		{2A14FDBA-5A51-45C4-A4E9-2AF3D86D0CB3}.Debug|iPhoneSimulator.ActiveCfg = Debug|x86
		{2A14FDBA-5A51-45C4-A4E9-2AF3D86D0CB3}.Debug|iPhoneSimulator.Build.0 = Debug|x86
		{2A14FDBA-5A51-45C4-A4E9-2AF3D86D0CB3}.Debug|iPhoneSimulator.Deploy.0 = Debug|x86
		{2A14FDBA-5A51-45C4-A4E9-2AF3D86D0CB3}.Debug|x64.ActiveCfg = Debug|x64
		{2A14FDBA-5A51-45C4-A4E9-2AF3D86D0CB3}.Debug|x64.Build.0 = Debug|x64
		{2A14FDBA-5A51-45C4-A4E9-2AF3D86D0CB3}.Debug|x64.Deploy.0 = Debug|x64
		{2A14FDBA-5A51-45C4-A4E9-2AF3D86D0CB3}.Debug|x86.ActiveCfg = Debug|x86
		{2A14FDBA-5A51-45C4-A4E9-2AF3D86D0CB3}.Debug|x86.Build.0 = Debug|x86
		{2A14FDBA-5A51-45C4-A4E9-2AF3D86D0CB3}.Debug|x86.Deploy.0 = Debug|x86
		{2A14FDBA-5A51-45C4-A4E9-2AF3D86D0CB3}.Release|Any CPU.ActiveCfg = Release|x86
		{2A14FDBA-5A51-45C4-A4E9-2AF3D86D0CB3}.Release|Any CPU.Build.0 = Release|x86
		{2A14FDBA-5A51-45C4-A4E9-2AF3D86D0CB3}.Release|Any CPU.Deploy.0 = Release|x86
		{2A14FDBA-5A51-45C4-A4E9-2AF3D86D0CB3}.Release|ARM.ActiveCfg = Release|ARM
		{2A14FDBA-5A51-45C4-A4E9-2AF3D86D0CB3}.Release|ARM.Build.0 = Release|ARM
		{2A14FDBA-5A51-45C4-A4E9-2AF3D86D0CB3}.Release|ARM.Deploy.0 = Release|ARM
		{2A14FDBA-5A51-45C4-A4E9-2AF3D86D0CB3}.Release|iPhone.ActiveCfg = Release|x86
		{2A14FDBA-5A51-45C4-A4E9-2AF3D86D0CB3}.Release|iPhone.Build.0 = Release|x86
		{2A14FDBA-5A51-45C4-A4E9-2AF3D86D0CB3}.Release|iPhone.Deploy.0 = Release|x86
		{2A14FDBA-5A51-45C4-A4E9-2AF3D86D0CB3}.Release|iPhoneSimulator.ActiveCfg = Release|x86
		{2A14FDBA-5A51-45C4-A4E9-2AF3D86D0CB3}.Release|iPhoneSimulator.Build.0 = Release|x86
		{2A14FDBA-5A51-45C4-A4E9-2AF3D86D0CB3}.Release|iPhoneSimulator.Deploy.0 = Release|x86
		{2A14FDBA-5A51-45C4-A4E9-2AF3D86D0CB3}.Release|x64.ActiveCfg = Release|x64
		{2A14FDBA-5A51-45C4-A4E9-2AF3D86D0CB3}.Release|x64.Build.0 = Release|x64
		{2A14FDBA-5A51-45C4-A4E9-2AF3D86D0CB3}.Release|x64.Deploy.0 = Release|x64
		{2A14FDBA-5A51-45C4-A4E9-2AF3D86D0CB3}.Release|x86.ActiveCfg = Release|x86
		{2A14FDBA-5A51-45C4-A4E9-2AF3D86D0CB3}.Release|x86.Build.0 = Release|x86
		{2A14FDBA-5A51-45C4-A4E9-2AF3D86D0CB3}.Release|x86.Deploy.0 = Release|x86
		{31966EFC-AD72-49F2-AB05-EED5CE5B7802}.Ad-Hoc|Any CPU.ActiveCfg = Debug|Any CPU
		{31966EFC-AD72-49F2-AB05-EED5CE5B7802}.Ad-Hoc|Any CPU.Build.0 = Debug|Any CPU
		{31966EFC-AD72-49F2-AB05-EED5CE5B7802}.Ad-Hoc|Any CPU.Deploy.0 = Debug|Any CPU
		{31966EFC-AD72-49F2-AB05-EED5CE5B7802}.Ad-Hoc|ARM.ActiveCfg = Debug|Any CPU
		{31966EFC-AD72-49F2-AB05-EED5CE5B7802}.Ad-Hoc|ARM.Build.0 = Debug|Any CPU
		{31966EFC-AD72-49F2-AB05-EED5CE5B7802}.Ad-Hoc|ARM.Deploy.0 = Debug|Any CPU
		{31966EFC-AD72-49F2-AB05-EED5CE5B7802}.Ad-Hoc|iPhone.ActiveCfg = Debug|Any CPU
		{31966EFC-AD72-49F2-AB05-EED5CE5B7802}.Ad-Hoc|iPhone.Build.0 = Debug|Any CPU
		{31966EFC-AD72-49F2-AB05-EED5CE5B7802}.Ad-Hoc|iPhone.Deploy.0 = Debug|Any CPU
		{31966EFC-AD72-49F2-AB05-EED5CE5B7802}.Ad-Hoc|iPhoneSimulator.ActiveCfg = Debug|Any CPU
		{31966EFC-AD72-49F2-AB05-EED5CE5B7802}.Ad-Hoc|iPhoneSimulator.Build.0 = Debug|Any CPU
		{31966EFC-AD72-49F2-AB05-EED5CE5B7802}.Ad-Hoc|iPhoneSimulator.Deploy.0 = Debug|Any CPU
		{31966EFC-AD72-49F2-AB05-EED5CE5B7802}.Ad-Hoc|x64.ActiveCfg = Debug|Any CPU
		{31966EFC-AD72-49F2-AB05-EED5CE5B7802}.Ad-Hoc|x64.Build.0 = Debug|Any CPU
		{31966EFC-AD72-49F2-AB05-EED5CE5B7802}.Ad-Hoc|x64.Deploy.0 = Debug|Any CPU
		{31966EFC-AD72-49F2-AB05-EED5CE5B7802}.Ad-Hoc|x86.ActiveCfg = Debug|Any CPU
		{31966EFC-AD72-49F2-AB05-EED5CE5B7802}.Ad-Hoc|x86.Build.0 = Debug|Any CPU
		{31966EFC-AD72-49F2-AB05-EED5CE5B7802}.Ad-Hoc|x86.Deploy.0 = Debug|Any CPU
		{31966EFC-AD72-49F2-AB05-EED5CE5B7802}.AppStore|Any CPU.ActiveCfg = Debug|Any CPU
		{31966EFC-AD72-49F2-AB05-EED5CE5B7802}.AppStore|Any CPU.Build.0 = Debug|Any CPU
		{31966EFC-AD72-49F2-AB05-EED5CE5B7802}.AppStore|Any CPU.Deploy.0 = Debug|Any CPU
		{31966EFC-AD72-49F2-AB05-EED5CE5B7802}.AppStore|ARM.ActiveCfg = Debug|Any CPU
		{31966EFC-AD72-49F2-AB05-EED5CE5B7802}.AppStore|ARM.Build.0 = Debug|Any CPU
		{31966EFC-AD72-49F2-AB05-EED5CE5B7802}.AppStore|ARM.Deploy.0 = Debug|Any CPU
		{31966EFC-AD72-49F2-AB05-EED5CE5B7802}.AppStore|iPhone.ActiveCfg = Debug|Any CPU
		{31966EFC-AD72-49F2-AB05-EED5CE5B7802}.AppStore|iPhone.Build.0 = Debug|Any CPU
		{31966EFC-AD72-49F2-AB05-EED5CE5B7802}.AppStore|iPhone.Deploy.0 = Debug|Any CPU
		{31966EFC-AD72-49F2-AB05-EED5CE5B7802}.AppStore|iPhoneSimulator.ActiveCfg = Debug|Any CPU
		{31966EFC-AD72-49F2-AB05-EED5CE5B7802}.AppStore|iPhoneSimulator.Build.0 = Debug|Any CPU
		{31966EFC-AD72-49F2-AB05-EED5CE5B7802}.AppStore|iPhoneSimulator.Deploy.0 = Debug|Any CPU
		{31966EFC-AD72-49F2-AB05-EED5CE5B7802}.AppStore|x64.ActiveCfg = Debug|Any CPU
		{31966EFC-AD72-49F2-AB05-EED5CE5B7802}.AppStore|x64.Build.0 = Debug|Any CPU
		{31966EFC-AD72-49F2-AB05-EED5CE5B7802}.AppStore|x64.Deploy.0 = Debug|Any CPU
		{31966EFC-AD72-49F2-AB05-EED5CE5B7802}.AppStore|x86.ActiveCfg = Debug|Any CPU
		{31966EFC-AD72-49F2-AB05-EED5CE5B7802}.AppStore|x86.Build.0 = Debug|Any CPU
		{31966EFC-AD72-49F2-AB05-EED5CE5B7802}.AppStore|x86.Deploy.0 = Debug|Any CPU
		{31966EFC-AD72-49F2-AB05-EED5CE5B7802}.Debug|Any CPU.ActiveCfg = Debug|Any CPU
		{31966EFC-AD72-49F2-AB05-EED5CE5B7802}.Debug|Any CPU.Build.0 = Debug|Any CPU
		{31966EFC-AD72-49F2-AB05-EED5CE5B7802}.Debug|Any CPU.Deploy.0 = Debug|Any CPU
		{31966EFC-AD72-49F2-AB05-EED5CE5B7802}.Debug|ARM.ActiveCfg = Debug|Any CPU
		{31966EFC-AD72-49F2-AB05-EED5CE5B7802}.Debug|ARM.Build.0 = Debug|Any CPU
		{31966EFC-AD72-49F2-AB05-EED5CE5B7802}.Debug|ARM.Deploy.0 = Debug|Any CPU
		{31966EFC-AD72-49F2-AB05-EED5CE5B7802}.Debug|iPhone.ActiveCfg = Debug|Any CPU
		{31966EFC-AD72-49F2-AB05-EED5CE5B7802}.Debug|iPhone.Build.0 = Debug|Any CPU
		{31966EFC-AD72-49F2-AB05-EED5CE5B7802}.Debug|iPhone.Deploy.0 = Debug|Any CPU
		{31966EFC-AD72-49F2-AB05-EED5CE5B7802}.Debug|iPhoneSimulator.ActiveCfg = Debug|Any CPU
		{31966EFC-AD72-49F2-AB05-EED5CE5B7802}.Debug|iPhoneSimulator.Build.0 = Debug|Any CPU
		{31966EFC-AD72-49F2-AB05-EED5CE5B7802}.Debug|iPhoneSimulator.Deploy.0 = Debug|Any CPU
		{31966EFC-AD72-49F2-AB05-EED5CE5B7802}.Debug|x64.ActiveCfg = Debug|Any CPU
		{31966EFC-AD72-49F2-AB05-EED5CE5B7802}.Debug|x64.Build.0 = Debug|Any CPU
		{31966EFC-AD72-49F2-AB05-EED5CE5B7802}.Debug|x64.Deploy.0 = Debug|Any CPU
		{31966EFC-AD72-49F2-AB05-EED5CE5B7802}.Debug|x86.ActiveCfg = Debug|Any CPU
		{31966EFC-AD72-49F2-AB05-EED5CE5B7802}.Debug|x86.Build.0 = Debug|Any CPU
		{31966EFC-AD72-49F2-AB05-EED5CE5B7802}.Debug|x86.Deploy.0 = Debug|Any CPU
		{31966EFC-AD72-49F2-AB05-EED5CE5B7802}.Release|Any CPU.ActiveCfg = Release|Any CPU
		{31966EFC-AD72-49F2-AB05-EED5CE5B7802}.Release|Any CPU.Build.0 = Release|Any CPU
		{31966EFC-AD72-49F2-AB05-EED5CE5B7802}.Release|Any CPU.Deploy.0 = Release|Any CPU
		{31966EFC-AD72-49F2-AB05-EED5CE5B7802}.Release|ARM.ActiveCfg = Release|Any CPU
		{31966EFC-AD72-49F2-AB05-EED5CE5B7802}.Release|ARM.Build.0 = Release|Any CPU
		{31966EFC-AD72-49F2-AB05-EED5CE5B7802}.Release|ARM.Deploy.0 = Release|Any CPU
		{31966EFC-AD72-49F2-AB05-EED5CE5B7802}.Release|iPhone.ActiveCfg = Release|Any CPU
		{31966EFC-AD72-49F2-AB05-EED5CE5B7802}.Release|iPhone.Build.0 = Release|Any CPU
		{31966EFC-AD72-49F2-AB05-EED5CE5B7802}.Release|iPhone.Deploy.0 = Release|Any CPU
		{31966EFC-AD72-49F2-AB05-EED5CE5B7802}.Release|iPhoneSimulator.ActiveCfg = Release|Any CPU
		{31966EFC-AD72-49F2-AB05-EED5CE5B7802}.Release|iPhoneSimulator.Build.0 = Release|Any CPU
		{31966EFC-AD72-49F2-AB05-EED5CE5B7802}.Release|iPhoneSimulator.Deploy.0 = Release|Any CPU
		{31966EFC-AD72-49F2-AB05-EED5CE5B7802}.Release|x64.ActiveCfg = Release|Any CPU
		{31966EFC-AD72-49F2-AB05-EED5CE5B7802}.Release|x64.Build.0 = Release|Any CPU
		{31966EFC-AD72-49F2-AB05-EED5CE5B7802}.Release|x64.Deploy.0 = Release|Any CPU
		{31966EFC-AD72-49F2-AB05-EED5CE5B7802}.Release|x86.ActiveCfg = Release|Any CPU
		{31966EFC-AD72-49F2-AB05-EED5CE5B7802}.Release|x86.Build.0 = Release|Any CPU
		{31966EFC-AD72-49F2-AB05-EED5CE5B7802}.Release|x86.Deploy.0 = Release|Any CPU
	EndGlobalSection
	GlobalSection(SolutionProperties) = preSolution
		HideSolutionNode = FALSE
	EndGlobalSection
	GlobalSection(ExtensibilityGlobals) = postSolution
		SolutionGuid = {11BD07F7-CE6F-49B1-85C9-33DCE025D08A}
	EndGlobalSection
EndGlobal
